// !$*UTF8*$!
{
	archiveVersion = 1;
	classes = {
	};
	objectVersion = 55;
	objects = {

/* Begin PBXBuildFile section */
		D4394CC228211FB9008FF7EF /* CustomButtonStyle.swift in Sources */ = {isa = PBXBuildFile; fileRef = D4394CC128211FB9008FF7EF /* CustomButtonStyle.swift */; };
		D4394CC42821224C008FF7EF /* CustomButtonTestView.swift in Sources */ = {isa = PBXBuildFile; fileRef = D4394CC32821224C008FF7EF /* CustomButtonTestView.swift */; };
		D43B7290281AFF21001A0C38 /* GgamjiApp.swift in Sources */ = {isa = PBXBuildFile; fileRef = D43B728F281AFF21001A0C38 /* GgamjiApp.swift */; };
		D43B7292281AFF21001A0C38 /* originalView.swift in Sources */ = {isa = PBXBuildFile; fileRef = D43B7291281AFF21001A0C38 /* originalView.swift */; };
		D43B7294281AFF22001A0C38 /* Assets.xcassets in Resources */ = {isa = PBXBuildFile; fileRef = D43B7293281AFF22001A0C38 /* Assets.xcassets */; };
		D43B7297281AFF22001A0C38 /* Preview Assets.xcassets in Resources */ = {isa = PBXBuildFile; fileRef = D43B7296281AFF22001A0C38 /* Preview Assets.xcassets */; };
		D43B729E281BAB4A001A0C38 /* Launch Screen.storyboard in Resources */ = {isa = PBXBuildFile; fileRef = D43B729D281BAB4A001A0C38 /* Launch Screen.storyboard */; };
		D48C3F702821CDEA0015819B /* NextView.swift in Sources */ = {isa = PBXBuildFile; fileRef = D48C3F6F2821CDEA0015819B /* NextView.swift */; };
		D48C3F722822475E0015819B /* NextViewPreviewContainer.swift in Sources */ = {isa = PBXBuildFile; fileRef = D48C3F712822475E0015819B /* NextViewPreviewContainer.swift */; };
/* End PBXBuildFile section */

/* Begin PBXFileReference section */
		D4394CC128211FB9008FF7EF /* CustomButtonStyle.swift */ = {isa = PBXFileReference; lastKnownFileType = sourcecode.swift; path = CustomButtonStyle.swift; sourceTree = "<group>"; };
		D4394CC32821224C008FF7EF /* CustomButtonTestView.swift */ = {isa = PBXFileReference; lastKnownFileType = sourcecode.swift; path = CustomButtonTestView.swift; sourceTree = "<group>"; };
		D43B728C281AFF21001A0C38 /* Ggamji.app */ = {isa = PBXFileReference; explicitFileType = wrapper.application; includeInIndex = 0; path = Ggamji.app; sourceTree = BUILT_PRODUCTS_DIR; };
		D43B728F281AFF21001A0C38 /* GgamjiApp.swift */ = {isa = PBXFileReference; lastKnownFileType = sourcecode.swift; path = GgamjiApp.swift; sourceTree = "<group>"; };
		D43B7291281AFF21001A0C38 /* originalView.swift */ = {isa = PBXFileReference; lastKnownFileType = sourcecode.swift; path = originalView.swift; sourceTree = "<group>"; };
		D43B7293281AFF22001A0C38 /* Assets.xcassets */ = {isa = PBXFileReference; lastKnownFileType = folder.assetcatalog; path = Assets.xcassets; sourceTree = "<group>"; };
		D43B7296281AFF22001A0C38 /* Preview Assets.xcassets */ = {isa = PBXFileReference; lastKnownFileType = folder.assetcatalog; path = "Preview Assets.xcassets"; sourceTree = "<group>"; };
		D43B729D281BAB4A001A0C38 /* Launch Screen.storyboard */ = {isa = PBXFileReference; lastKnownFileType = file.storyboard; path = "Launch Screen.storyboard"; sourceTree = "<group>"; };
		D43B729F281BAB6D001A0C38 /* Info.plist */ = {isa = PBXFileReference; lastKnownFileType = text.plist; path = Info.plist; sourceTree = "<group>"; };
		D48C3F6F2821CDEA0015819B /* NextView.swift */ = {isa = PBXFileReference; lastKnownFileType = sourcecode.swift; path = NextView.swift; sourceTree = "<group>"; };
		D48C3F712822475E0015819B /* NextViewPreviewContainer.swift */ = {isa = PBXFileReference; lastKnownFileType = sourcecode.swift; path = NextViewPreviewContainer.swift; sourceTree = "<group>"; };
/* End PBXFileReference section */

/* Begin PBXFrameworksBuildPhase section */
		D43B7289281AFF21001A0C38 /* Frameworks */ = {
			isa = PBXFrameworksBuildPhase;
			buildActionMask = 2147483647;
			files = (
			);
			runOnlyForDeploymentPostprocessing = 0;
		};
/* End PBXFrameworksBuildPhase section */

/* Begin PBXGroup section */
		D43B7283281AFF21001A0C38 = {
			isa = PBXGroup;
			children = (
				D43B728E281AFF21001A0C38 /* Ggamji */,
				D43B728D281AFF21001A0C38 /* Products */,
			);
			sourceTree = "<group>";
		};
		D43B728D281AFF21001A0C38 /* Products */ = {
			isa = PBXGroup;
			children = (
				D43B728C281AFF21001A0C38 /* Ggamji.app */,
			);
			name = Products;
			sourceTree = "<group>";
		};
		D43B728E281AFF21001A0C38 /* Ggamji */ = {
			isa = PBXGroup;
			children = (
				D43B729F281BAB6D001A0C38 /* Info.plist */,
				D43B728F281AFF21001A0C38 /* GgamjiApp.swift */,
				D4394CC128211FB9008FF7EF /* CustomButtonStyle.swift */,
				D4394CC32821224C008FF7EF /* CustomButtonTestView.swift */,
				D43B7291281AFF21001A0C38 /* originalView.swift */,
				D48C3F712822475E0015819B /* NextViewPreviewContainer.swift */,
				D48C3F6F2821CDEA0015819B /* NextView.swift */,
				D43B7293281AFF22001A0C38 /* Assets.xcassets */,
				D43B729D281BAB4A001A0C38 /* Launch Screen.storyboard */,
				D43B7295281AFF22001A0C38 /* Preview Content */,
			);
			path = Ggamji;
			sourceTree = "<group>";
		};
		D43B7295281AFF22001A0C38 /* Preview Content */ = {
			isa = PBXGroup;
			children = (
				D43B7296281AFF22001A0C38 /* Preview Assets.xcassets */,
			);
			path = "Preview Content";
			sourceTree = "<group>";
		};
/* End PBXGroup section */

/* Begin PBXNativeTarget section */
		D43B728B281AFF21001A0C38 /* Ggamji */ = {
			isa = PBXNativeTarget;
			buildConfigurationList = D43B729A281AFF22001A0C38 /* Build configuration list for PBXNativeTarget "Ggamji" */;
			buildPhases = (
				D43B7288281AFF21001A0C38 /* Sources */,
				D43B7289281AFF21001A0C38 /* Frameworks */,
				D43B728A281AFF21001A0C38 /* Resources */,
			);
			buildRules = (
			);
			dependencies = (
			);
			name = Ggamji;
			productName = Ggamji;
			productReference = D43B728C281AFF21001A0C38 /* Ggamji.app */;
			productType = "com.apple.product-type.application";
		};
/* End PBXNativeTarget section */

/* Begin PBXProject section */
		D43B7284281AFF21001A0C38 /* Project object */ = {
			isa = PBXProject;
			attributes = {
				BuildIndependentTargetsInParallel = 1;
				LastSwiftUpdateCheck = 1320;
				LastUpgradeCheck = 1320;
				TargetAttributes = {
					D43B728B281AFF21001A0C38 = {
						CreatedOnToolsVersion = 13.2.1;
					};
				};
			};
			buildConfigurationList = D43B7287281AFF21001A0C38 /* Build configuration list for PBXProject "Ggamji" */;
			compatibilityVersion = "Xcode 13.0";
			developmentRegion = en;
			hasScannedForEncodings = 0;
			knownRegions = (
				en,
				Base,
			);
			mainGroup = D43B7283281AFF21001A0C38;
			productRefGroup = D43B728D281AFF21001A0C38 /* Products */;
			projectDirPath = "";
			projectRoot = "";
			targets = (
				D43B728B281AFF21001A0C38 /* Ggamji */,
			);
		};
/* End PBXProject section */

/* Begin PBXResourcesBuildPhase section */
		D43B728A281AFF21001A0C38 /* Resources */ = {
			isa = PBXResourcesBuildPhase;
			buildActionMask = 2147483647;
			files = (
				D43B729E281BAB4A001A0C38 /* Launch Screen.storyboard in Resources */,
				D43B7297281AFF22001A0C38 /* Preview Assets.xcassets in Resources */,
				D43B7294281AFF22001A0C38 /* Assets.xcassets in Resources */,
			);
			runOnlyForDeploymentPostprocessing = 0;
		};
/* End PBXResourcesBuildPhase section */

/* Begin PBXSourcesBuildPhase section */
		D43B7288281AFF21001A0C38 /* Sources */ = {
			isa = PBXSourcesBuildPhase;
			buildActionMask = 2147483647;
			files = (
				D43B7292281AFF21001A0C38 /* originalView.swift in Sources */,
				D48C3F702821CDEA0015819B /* NextView.swift in Sources */,
				D48C3F722822475E0015819B /* NextViewPreviewContainer.swift in Sources */,
				D4394CC228211FB9008FF7EF /* CustomButtonStyle.swift in Sources */,
				D4394CC42821224C008FF7EF /* CustomButtonTestView.swift in Sources */,
				D43B7290281AFF21001A0C38 /* GgamjiApp.swift in Sources */,
			);
			runOnlyForDeploymentPostprocessing = 0;
		};
/* End PBXSourcesBuildPhase section */

/* Begin XCBuildConfiguration section */
		D43B7298281AFF22001A0C38 /* Debug */ = {
			isa = XCBuildConfiguration;
			buildSettings = {
				ALWAYS_SEARCH_USER_PATHS = NO;
				CLANG_ANALYZER_NONNULL = YES;
				CLANG_ANALYZER_NUMBER_OBJECT_CONVERSION = YES_AGGRESSIVE;
				CLANG_CXX_LANGUAGE_STANDARD = "gnu++17";
				CLANG_CXX_LIBRARY = "libc++";
				CLANG_ENABLE_MODULES = YES;
				CLANG_ENABLE_OBJC_ARC = YES;
				CLANG_ENABLE_OBJC_WEAK = YES;
				CLANG_WARN_BLOCK_CAPTURE_AUTORELEASING = YES;
				CLANG_WARN_BOOL_CONVERSION = YES;
				CLANG_WARN_COMMA = YES;
				CLANG_WARN_CONSTANT_CONVERSION = YES;
				CLANG_WARN_DEPRECATED_OBJC_IMPLEMENTATIONS = YES;
				CLANG_WARN_DIRECT_OBJC_ISA_USAGE = YES_ERROR;
				CLANG_WARN_DOCUMENTATION_COMMENTS = YES;
				CLANG_WARN_EMPTY_BODY = YES;
				CLANG_WARN_ENUM_CONVERSION = YES;
				CLANG_WARN_INFINITE_RECURSION = YES;
				CLANG_WARN_INT_CONVERSION = YES;
				CLANG_WARN_NON_LITERAL_NULL_CONVERSION = YES;
				CLANG_WARN_OBJC_IMPLICIT_RETAIN_SELF = YES;
				CLANG_WARN_OBJC_LITERAL_CONVERSION = YES;
				CLANG_WARN_OBJC_ROOT_CLASS = YES_ERROR;
				CLANG_WARN_QUOTED_INCLUDE_IN_FRAMEWORK_HEADER = YES;
				CLANG_WARN_RANGE_LOOP_ANALYSIS = YES;
				CLANG_WARN_STRICT_PROTOTYPES = YES;
				CLANG_WARN_SUSPICIOUS_MOVE = YES;
				CLANG_WARN_UNGUARDED_AVAILABILITY = YES_AGGRESSIVE;
				CLANG_WARN_UNREACHABLE_CODE = YES;
				CLANG_WARN__DUPLICATE_METHOD_MATCH = YES;
				COPY_PHASE_STRIP = NO;
				DEBUG_INFORMATION_FORMAT = dwarf;
				ENABLE_STRICT_OBJC_MSGSEND = YES;
				ENABLE_TESTABILITY = YES;
				GCC_C_LANGUAGE_STANDARD = gnu11;
				GCC_DYNAMIC_NO_PIC = NO;
				GCC_NO_COMMON_BLOCKS = YES;
				GCC_OPTIMIZATION_LEVEL = 0;
				GCC_PREPROCESSOR_DEFINITIONS = (
					"DEBUG=1",
					"$(inherited)",
				);
				GCC_WARN_64_TO_32_BIT_CONVERSION = YES;
				GCC_WARN_ABOUT_RETURN_TYPE = YES_ERROR;
				GCC_WARN_UNDECLARED_SELECTOR = YES;
				GCC_WARN_UNINITIALIZED_AUTOS = YES_AGGRESSIVE;
				GCC_WARN_UNUSED_FUNCTION = YES;
				GCC_WARN_UNUSED_VARIABLE = YES;
				IPHONEOS_DEPLOYMENT_TARGET = 15.2;
				MTL_ENABLE_DEBUG_INFO = INCLUDE_SOURCE;
				MTL_FAST_MATH = YES;
				ONLY_ACTIVE_ARCH = YES;
				SDKROOT = iphoneos;
				SWIFT_ACTIVE_COMPILATION_CONDITIONS = DEBUG;
				SWIFT_OPTIMIZATION_LEVEL = "-Onone";
			};
			name = Debug;
		};
		D43B7299281AFF22001A0C38 /* Release */ = {
			isa = XCBuildConfiguration;
			buildSettings = {
				ALWAYS_SEARCH_USER_PATHS = NO;
				CLANG_ANALYZER_NONNULL = YES;
				CLANG_ANALYZER_NUMBER_OBJECT_CONVERSION = YES_AGGRESSIVE;
				CLANG_CXX_LANGUAGE_STANDARD = "gnu++17";
				CLANG_CXX_LIBRARY = "libc++";
				CLANG_ENABLE_MODULES = YES;
				CLANG_ENABLE_OBJC_ARC = YES;
				CLANG_ENABLE_OBJC_WEAK = YES;
				CLANG_WARN_BLOCK_CAPTURE_AUTORELEASING = YES;
				CLANG_WARN_BOOL_CONVERSION = YES;
				CLANG_WARN_COMMA = YES;
				CLANG_WARN_CONSTANT_CONVERSION = YES;
				CLANG_WARN_DEPRECATED_OBJC_IMPLEMENTATIONS = YES;
				CLANG_WARN_DIRECT_OBJC_ISA_USAGE = YES_ERROR;
				CLANG_WARN_DOCUMENTATION_COMMENTS = YES;
				CLANG_WARN_EMPTY_BODY = YES;
				CLANG_WARN_ENUM_CONVERSION = YES;
				CLANG_WARN_INFINITE_RECURSION = YES;
				CLANG_WARN_INT_CONVERSION = YES;
				CLANG_WARN_NON_LITERAL_NULL_CONVERSION = YES;
				CLANG_WARN_OBJC_IMPLICIT_RETAIN_SELF = YES;
				CLANG_WARN_OBJC_LITERAL_CONVERSION = YES;
				CLANG_WARN_OBJC_ROOT_CLASS = YES_ERROR;
				CLANG_WARN_QUOTED_INCLUDE_IN_FRAMEWORK_HEADER = YES;
				CLANG_WARN_RANGE_LOOP_ANALYSIS = YES;
				CLANG_WARN_STRICT_PROTOTYPES = YES;
				CLANG_WARN_SUSPICIOUS_MOVE = YES;
				CLANG_WARN_UNGUARDED_AVAILABILITY = YES_AGGRESSIVE;
				CLANG_WARN_UNREACHABLE_CODE = YES;
				CLANG_WARN__DUPLICATE_METHOD_MATCH = YES;
				COPY_PHASE_STRIP = NO;
				DEBUG_INFORMATION_FORMAT = "dwarf-with-dsym";
				ENABLE_NS_ASSERTIONS = NO;
				ENABLE_STRICT_OBJC_MSGSEND = YES;
				GCC_C_LANGUAGE_STANDARD = gnu11;
				GCC_NO_COMMON_BLOCKS = YES;
				GCC_WARN_64_TO_32_BIT_CONVERSION = YES;
				GCC_WARN_ABOUT_RETURN_TYPE = YES_ERROR;
				GCC_WARN_UNDECLARED_SELECTOR = YES;
				GCC_WARN_UNINITIALIZED_AUTOS = YES_AGGRESSIVE;
				GCC_WARN_UNUSED_FUNCTION = YES;
				GCC_WARN_UNUSED_VARIABLE = YES;
				IPHONEOS_DEPLOYMENT_TARGET = 15.2;
				MTL_ENABLE_DEBUG_INFO = NO;
				MTL_FAST_MATH = YES;
				SDKROOT = iphoneos;
				SWIFT_COMPILATION_MODE = wholemodule;
				SWIFT_OPTIMIZATION_LEVEL = "-O";
				VALIDATE_PRODUCT = YES;
			};
			name = Release;
		};
		D43B729B281AFF22001A0C38 /* Debug */ = {
			isa = XCBuildConfiguration;
			buildSettings = {
				ASSETCATALOG_COMPILER_APPICON_NAME = AppIcon;
				ASSETCATALOG_COMPILER_GLOBAL_ACCENT_COLOR_NAME = AccentColor;
				CODE_SIGN_STYLE = Automatic;
				CURRENT_PROJECT_VERSION = 1;
				DEVELOPMENT_ASSET_PATHS = "\"Ggamji/Preview Content\"";
				DEVELOPMENT_TEAM = 378ZJRNNF8;
				ENABLE_PREVIEWS = YES;
				GENERATE_INFOPLIST_FILE = YES;
				INFOPLIST_FILE = Ggamji/Info.plist;
				INFOPLIST_KEY_UIApplicationSceneManifest_Generation = YES;
				INFOPLIST_KEY_UIApplicationSupportsIndirectInputEvents = YES;
				INFOPLIST_KEY_UILaunchStoryboardName = "Launch Screen";
				INFOPLIST_KEY_UISupportedInterfaceOrientations_iPad = "UIInterfaceOrientationPortrait UIInterfaceOrientationPortraitUpsideDown UIInterfaceOrientationLandscapeLeft UIInterfaceOrientationLandscapeRight";
				INFOPLIST_KEY_UISupportedInterfaceOrientations_iPhone = "UIInterfaceOrientationPortrait UIInterfaceOrientationLandscapeLeft UIInterfaceOrientationLandscapeRight";
				LD_RUNPATH_SEARCH_PATHS = (
					"$(inherited)",
					"@executable_path/Frameworks",
				);
				MARKETING_VERSION = 1.0;
				PRODUCT_BUNDLE_IDENTIFIER = site.greathoaxer.ggamji;
				PRODUCT_NAME = "$(TARGET_NAME)";
				SWIFT_EMIT_LOC_STRINGS = YES;
				SWIFT_VERSION = 5.0;
				TARGETED_DEVICE_FAMILY = "1,2";
			};
			name = Debug;
		};
		D43B729C281AFF22001A0C38 /* Release */ = {
			isa = XCBuildConfiguration;
			buildSettings = {
				ASSETCATALOG_COMPILER_APPICON_NAME = AppIcon;
				ASSETCATALOG_COMPILER_GLOBAL_ACCENT_COLOR_NAME = AccentColor;
				CODE_SIGN_STYLE = Automatic;
				CURRENT_PROJECT_VERSION = 1;
				DEVELOPMENT_ASSET_PATHS = "\"Ggamji/Preview Content\"";
				DEVELOPMENT_TEAM = 378ZJRNNF8;
				ENABLE_PREVIEWS = YES;
				GENERATE_INFOPLIST_FILE = YES;
				INFOPLIST_FILE = Ggamji/Info.plist;
				INFOPLIST_KEY_UIApplicationSceneManifest_Generation = YES;
				INFOPLIST_KEY_UIApplicationSupportsIndirectInputEvents = YES;
				INFOPLIST_KEY_UILaunchStoryboardName = "Launch Screen";
				INFOPLIST_KEY_UISupportedInterfaceOrientations_iPad = "UIInterfaceOrientationPortrait UIInterfaceOrientationPortraitUpsideDown UIInterfaceOrientationLandscapeLeft UIInterfaceOrientationLandscapeRight";
				INFOPLIST_KEY_UISupportedInterfaceOrientations_iPhone = "UIInterfaceOrientationPortrait UIInterfaceOrientationLandscapeLeft UIInterfaceOrientationLandscapeRight";
				LD_RUNPATH_SEARCH_PATHS = (
					"$(inherited)",
					"@executable_path/Frameworks",
				);
				MARKETING_VERSION = 1.0;
				PRODUCT_BUNDLE_IDENTIFIER = site.greathoaxer.ggamji;
				PRODUCT_NAME = "$(TARGET_NAME)";
				SWIFT_EMIT_LOC_STRINGS = YES;
				SWIFT_VERSION = 5.0;
				TARGETED_DEVICE_FAMILY = "1,2";
			};
			name = Release;
		};
/* End XCBuildConfiguration section */

/* Begin XCConfigurationList section */
		D43B7287281AFF21001A0C38 /* Build configuration list for PBXProject "Ggamji" */ = {
			isa = XCConfigurationList;
			buildConfigurations = (
				D43B7298281AFF22001A0C38 /* Debug */,
				D43B7299281AFF22001A0C38 /* Release */,
			);
			defaultConfigurationIsVisible = 0;
			defaultConfigurationName = Release;
		};
		D43B729A281AFF22001A0C38 /* Build configuration list for PBXNativeTarget "Ggamji" */ = {
			isa = XCConfigurationList;
			buildConfigurations = (
				D43B729B281AFF22001A0C38 /* Debug */,
				D43B729C281AFF22001A0C38 /* Release */,
			);
			defaultConfigurationIsVisible = 0;
			defaultConfigurationName = Release;
		};
/* End XCConfigurationList section */
	};
	rootObject = D43B7284281AFF21001A0C38 /* Project object */;
}
